# THIS IS AN AUTOGENERATED FILE. DO NOT EDIT THIS FILE DIRECTLY.
# yarn lockfile v1


"@types/web-bluetooth@^0.0.16":
  version "0.0.16"
  resolved "https://registry.yarnpkg.com/@types/web-bluetooth/-/web-bluetooth-0.0.16.tgz#1d12873a8e49567371f2a75fe3e7f7edca6662d8"
  integrity sha512-oh8q2Zc32S6gd/j50GowEjKLoOVOwHP/bWVjKJInBwQqdOYMdPrf1oVlelTlyfFK3CKxL1uahMDAr+vy8T7yMQ==

"@vue/devtools-api@^6.0.0-beta.18":
  version "6.4.5"
  resolved "https://registry.yarnpkg.com/@vue/devtools-api/-/devtools-api-6.4.5.tgz#d54e844c1adbb1e677c81c665ecef1a2b4bb8380"
  integrity sha512-JD5fcdIuFxU4fQyXUu3w2KpAJHzTVdN+p4iOX2lMWSHMOoQdMAcpFLZzm9Z/2nmsoZ1a96QEhZ26e50xLBsgOQ==

"@vueuse/core@^9.6.0":
  version "9.6.0"
  resolved "https://registry.yarnpkg.com/@vueuse/core/-/core-9.6.0.tgz#de1d4730849cdbe28a9ebcf6cad167a700919603"
  integrity sha512-qGUcjKQXHgN+jqXEgpeZGoxdCbIDCdVPz3QiF1uyecVGbMuM63o96I1GjYx5zskKgRI0FKSNsVWM7rwrRMTf6A==
  dependencies:
    "@types/web-bluetooth" "^0.0.16"
    "@vueuse/metadata" "9.6.0"
    "@vueuse/shared" "9.6.0"
    vue-demi "*"

"@vueuse/metadata@9.6.0":
  version "9.6.0"
  resolved "https://registry.yarnpkg.com/@vueuse/metadata/-/metadata-9.6.0.tgz#b0a73277538cebef5d477983f74fdd2aa21ce5f9"
  integrity sha512-sIC8R+kWkIdpi5X2z2Gk8TRYzmczDwHRhEFfCu2P+XW2JdPoXrziqsGpDDsN7ykBx4ilwieS7JUIweVGhvZ93w==

"@vueuse/shared@9.6.0":
  version "9.6.0"
  resolved "https://registry.yarnpkg.com/@vueuse/shared/-/shared-9.6.0.tgz#ce2e0e8124c6bdb1e270fc213e334ccc71dcb951"
  integrity sha512-/eDchxYYhkHnFyrb00t90UfjCx94kRHxc7J1GtBCqCG4HyPMX+krV9XJgVtWIsAMaxKVU4fC8NSUviG1JkwhUQ==
  dependencies:
    vue-demi "*"

pinia@^2.0.0-rc.10:
  version "2.0.0-rc.10"
  resolved "https://registry.yarnpkg.com/pinia/-/pinia-2.0.0-rc.10.tgz#81e823931897a4cf5c53c113d0c0e63b7bba9973"
  integrity sha512-WY0KQoHxSBylhGc6aBQKPFfAupYHWpI1QBQKJSyK9btwwMTVQpwCdePgPho+ZoEMl832jb7RwfI5TN1srV5VEA==
  dependencies:
    "@vue/devtools-api" "^6.0.0-beta.18"
    vue-demi "*"

vue-demi@*:
  version "0.13.11"
  resolved "https://registry.yarnpkg.com/vue-demi/-/vue-demi-0.13.11.tgz#7d90369bdae8974d87b1973564ad390182410d99"
  integrity sha512-IR8HoEEGM65YY3ZJYAjMlKygDQn25D5ajNFNoKh9RSDMQtlzCxtfQjdQgv9jjK+m3377SsJXY8ysq8kLCZL25A==
